
Microsoft Visual Studio Solution File, Format Version 12.00
# Visual Studio Version 16
VisualStudioVersion = 16.0.30002.166
MinimumVisualStudioVersion = 10.0.40219.1
Project("{9092AA53-FB77-4645-B42D-1CCCA6BD08BD}") = "Garden-IA", "Garden-IA.njsproj", "{975A757D-7DB8-4937-A5B4-0B1BE0ACA952}"
EndProject
Global
	GlobalSection(SolutionConfigurationPlatforms) = preSolution
		Debug|Any CPU = Debug|Any CPU
		Release|Any CPU = Release|Any CPU
	EndGlobalSection
	GlobalSection(ProjectConfigurationPlatforms) = postSolution
		{975A757D-7DB8-4937-A5B4-0B1BE0ACA952}.Debug|Any CPU.ActiveCfg = Debug|Any CPU
		{975A757D-7DB8-4937-A5B4-0B1BE0ACA952}.Debug|Any CPU.Build.0 = Debug|Any CPU
		{975A757D-7DB8-4937-A5B4-0B1BE0ACA952}.Release|Any CPU.ActiveCfg = Release|Any CPU
		{975A757D-7DB8-4937-A5B4-0B1BE0ACA952}.Release|Any CPU.Build.0 = Release|Any CPU
	EndGlobalSection
	GlobalSection(SolutionProperties) = preSolution
		HideSolutionNode = FALSE
	EndGlobalSection
	GlobalSection(ExtensibilityGlobals) = postSolution
		SolutionGuid = {97501451-B905-46DF-A8B3-2B212882C439}
	EndGlobalSection
EndGlobal
